// !$*UTF8*$!
{
	archiveVersion = 1;
	classes = {
	};
	objectVersion = 51;
	objects = {

/* Begin PBXBuildFile section */
		280D54E7230F4A72006E1E7D /* Movie.swift in Sources */ = {isa = PBXBuildFile; fileRef = 280D54E6230F4A72006E1E7D /* Movie.swift */; };
		280D54EA230F5BAB006E1E7D /* Review.swift in Sources */ = {isa = PBXBuildFile; fileRef = 280D54E9230F5BAB006E1E7D /* Review.swift */; };
		28273123230F13CD00F04AE5 /* AppDelegate.swift in Sources */ = {isa = PBXBuildFile; fileRef = 28273122230F13CD00F04AE5 /* AppDelegate.swift */; };
		28273128230F13CD00F04AE5 /* Main.storyboard in Resources */ = {isa = PBXBuildFile; fileRef = 28273126230F13CD00F04AE5 /* Main.storyboard */; };
		2827312A230F13CF00F04AE5 /* Assets.xcassets in Resources */ = {isa = PBXBuildFile; fileRef = 28273129230F13CF00F04AE5 /* Assets.xcassets */; };
		2827312D230F13CF00F04AE5 /* LaunchScreen.storyboard in Resources */ = {isa = PBXBuildFile; fileRef = 2827312B230F13CF00F04AE5 /* LaunchScreen.storyboard */; };
		28273138230F13CF00F04AE5 /* MovieLemmaTests.swift in Sources */ = {isa = PBXBuildFile; fileRef = 28273137230F13CF00F04AE5 /* MovieLemmaTests.swift */; };
		28273143230F13CF00F04AE5 /* MovieLemmaUITests.swift in Sources */ = {isa = PBXBuildFile; fileRef = 28273142230F13CF00F04AE5 /* MovieLemmaUITests.swift */; };
		28273153230F15A400F04AE5 /* SignUpViewController.swift in Sources */ = {isa = PBXBuildFile; fileRef = 28273152230F15A400F04AE5 /* SignUpViewController.swift */; };
		28273155230F15B400F04AE5 /* LoginViewController.swift in Sources */ = {isa = PBXBuildFile; fileRef = 28273154230F15B400F04AE5 /* LoginViewController.swift */; };
		28273157230F18D800F04AE5 /* GoogleService-Info.plist in Resources */ = {isa = PBXBuildFile; fileRef = 28273156230F18D800F04AE5 /* GoogleService-Info.plist */; };
		2881B650230F2B7800997290 /* InitialReviewViewController.swift in Sources */ = {isa = PBXBuildFile; fileRef = 2881B64F230F2B7800997290 /* InitialReviewViewController.swift */; };
		2881B652230F2BD800997290 /* InitialReviewPageViewController.swift in Sources */ = {isa = PBXBuildFile; fileRef = 2881B651230F2BD800997290 /* InitialReviewPageViewController.swift */; };
		2881B654230F2D7500997290 /* InitialReviewDataViewController.swift in Sources */ = {isa = PBXBuildFile; fileRef = 2881B653230F2D7500997290 /* InitialReviewDataViewController.swift */; };
		29CD40F3869A8E4C95B6B6F0 /* Pods_MovieLemma.framework in Frameworks */ = {isa = PBXBuildFile; fileRef = FB9192F8945D13721E6B3133 /* Pods_MovieLemma.framework */; };
		340EA06BCB4DB4DD57ABBFFC /* Pods_MovieLemmaTests.framework in Frameworks */ = {isa = PBXBuildFile; fileRef = 841FE1B119EC3C9090F2F20B /* Pods_MovieLemmaTests.framework */; };
		FB78506E112E1D865BEFCE20 /* Pods_MovieLemmaUITests.framework in Frameworks */ = {isa = PBXBuildFile; fileRef = 47FF7FC1C26A66ADC4A92388 /* Pods_MovieLemmaUITests.framework */; };
/* End PBXBuildFile section */

/* Begin PBXContainerItemProxy section */
		28273134230F13CF00F04AE5 /* PBXContainerItemProxy */ = {
			isa = PBXContainerItemProxy;
			containerPortal = 28273117230F13CD00F04AE5 /* Project object */;
			proxyType = 1;
			remoteGlobalIDString = 2827311E230F13CD00F04AE5;
			remoteInfo = MovieLemma;
		};
		2827313F230F13CF00F04AE5 /* PBXContainerItemProxy */ = {
			isa = PBXContainerItemProxy;
			containerPortal = 28273117230F13CD00F04AE5 /* Project object */;
			proxyType = 1;
			remoteGlobalIDString = 2827311E230F13CD00F04AE5;
			remoteInfo = MovieLemma;
		};
/* End PBXContainerItemProxy section */

/* Begin PBXFileReference section */
		078DDA6A9E375A9FA7264866 /* Pods-MovieLemmaUITests.release.xcconfig */ = {isa = PBXFileReference; includeInIndex = 1; lastKnownFileType = text.xcconfig; name = "Pods-MovieLemmaUITests.release.xcconfig"; path = "Target Support Files/Pods-MovieLemmaUITests/Pods-MovieLemmaUITests.release.xcconfig"; sourceTree = "<group>"; };
		280D54E6230F4A72006E1E7D /* Movie.swift */ = {isa = PBXFileReference; lastKnownFileType = sourcecode.swift; path = Movie.swift; sourceTree = "<group>"; };
		280D54E9230F5BAB006E1E7D /* Review.swift */ = {isa = PBXFileReference; lastKnownFileType = sourcecode.swift; path = Review.swift; sourceTree = "<group>"; };
		2827311F230F13CD00F04AE5 /* MovieLemma.app */ = {isa = PBXFileReference; explicitFileType = wrapper.application; includeInIndex = 0; path = MovieLemma.app; sourceTree = BUILT_PRODUCTS_DIR; };
		28273122230F13CD00F04AE5 /* AppDelegate.swift */ = {isa = PBXFileReference; lastKnownFileType = sourcecode.swift; path = AppDelegate.swift; sourceTree = "<group>"; };
		28273127230F13CD00F04AE5 /* Base */ = {isa = PBXFileReference; lastKnownFileType = file.storyboard; name = Base; path = Base.lproj/Main.storyboard; sourceTree = "<group>"; };
		28273129230F13CF00F04AE5 /* Assets.xcassets */ = {isa = PBXFileReference; lastKnownFileType = folder.assetcatalog; path = Assets.xcassets; sourceTree = "<group>"; };
		2827312C230F13CF00F04AE5 /* Base */ = {isa = PBXFileReference; lastKnownFileType = file.storyboard; name = Base; path = Base.lproj/LaunchScreen.storyboard; sourceTree = "<group>"; };
		2827312E230F13CF00F04AE5 /* Info.plist */ = {isa = PBXFileReference; lastKnownFileType = text.plist.xml; path = Info.plist; sourceTree = "<group>"; };
		28273133230F13CF00F04AE5 /* MovieLemmaTests.xctest */ = {isa = PBXFileReference; explicitFileType = wrapper.cfbundle; includeInIndex = 0; path = MovieLemmaTests.xctest; sourceTree = BUILT_PRODUCTS_DIR; };
		28273137230F13CF00F04AE5 /* MovieLemmaTests.swift */ = {isa = PBXFileReference; lastKnownFileType = sourcecode.swift; path = MovieLemmaTests.swift; sourceTree = "<group>"; };
		28273139230F13CF00F04AE5 /* Info.plist */ = {isa = PBXFileReference; lastKnownFileType = text.plist.xml; path = Info.plist; sourceTree = "<group>"; };
		2827313E230F13CF00F04AE5 /* MovieLemmaUITests.xctest */ = {isa = PBXFileReference; explicitFileType = wrapper.cfbundle; includeInIndex = 0; path = MovieLemmaUITests.xctest; sourceTree = BUILT_PRODUCTS_DIR; };
		28273142230F13CF00F04AE5 /* MovieLemmaUITests.swift */ = {isa = PBXFileReference; lastKnownFileType = sourcecode.swift; path = MovieLemmaUITests.swift; sourceTree = "<group>"; };
		28273144230F13CF00F04AE5 /* Info.plist */ = {isa = PBXFileReference; lastKnownFileType = text.plist.xml; path = Info.plist; sourceTree = "<group>"; };
		28273152230F15A400F04AE5 /* SignUpViewController.swift */ = {isa = PBXFileReference; lastKnownFileType = sourcecode.swift; name = SignUpViewController.swift; path = "../New Group/SignUpViewController.swift"; sourceTree = "<group>"; };
		28273154230F15B400F04AE5 /* LoginViewController.swift */ = {isa = PBXFileReference; lastKnownFileType = sourcecode.swift; path = LoginViewController.swift; sourceTree = "<group>"; };
		28273156230F18D800F04AE5 /* GoogleService-Info.plist */ = {isa = PBXFileReference; fileEncoding = 4; lastKnownFileType = text.plist.xml; path = "GoogleService-Info.plist"; sourceTree = "<group>"; };
		2881B64F230F2B7800997290 /* InitialReviewViewController.swift */ = {isa = PBXFileReference; lastKnownFileType = sourcecode.swift; path = InitialReviewViewController.swift; sourceTree = "<group>"; };
		2881B651230F2BD800997290 /* InitialReviewPageViewController.swift */ = {isa = PBXFileReference; lastKnownFileType = sourcecode.swift; path = InitialReviewPageViewController.swift; sourceTree = "<group>"; };
		2881B653230F2D7500997290 /* InitialReviewDataViewController.swift */ = {isa = PBXFileReference; lastKnownFileType = sourcecode.swift; path = InitialReviewDataViewController.swift; sourceTree = "<group>"; };
		405845383309A525DF831D44 /* Pods-MovieLemma.release.xcconfig */ = {isa = PBXFileReference; includeInIndex = 1; lastKnownFileType = text.xcconfig; name = "Pods-MovieLemma.release.xcconfig"; path = "Target Support Files/Pods-MovieLemma/Pods-MovieLemma.release.xcconfig"; sourceTree = "<group>"; };
		453EF62DB1C3EFC4222CC2C0 /* Pods-MovieLemmaUITests.debug.xcconfig */ = {isa = PBXFileReference; includeInIndex = 1; lastKnownFileType = text.xcconfig; name = "Pods-MovieLemmaUITests.debug.xcconfig"; path = "Target Support Files/Pods-MovieLemmaUITests/Pods-MovieLemmaUITests.debug.xcconfig"; sourceTree = "<group>"; };
		47FF7FC1C26A66ADC4A92388 /* Pods_MovieLemmaUITests.framework */ = {isa = PBXFileReference; explicitFileType = wrapper.framework; includeInIndex = 0; path = Pods_MovieLemmaUITests.framework; sourceTree = BUILT_PRODUCTS_DIR; };
		65A0362AD5B5BE11E58FEB64 /* Pods-MovieLemmaTests.release.xcconfig */ = {isa = PBXFileReference; includeInIndex = 1; lastKnownFileType = text.xcconfig; name = "Pods-MovieLemmaTests.release.xcconfig"; path = "Target Support Files/Pods-MovieLemmaTests/Pods-MovieLemmaTests.release.xcconfig"; sourceTree = "<group>"; };
		7423A77851817FD14D06BFE8 /* Pods-MovieLemma.debug.xcconfig */ = {isa = PBXFileReference; includeInIndex = 1; lastKnownFileType = text.xcconfig; name = "Pods-MovieLemma.debug.xcconfig"; path = "Target Support Files/Pods-MovieLemma/Pods-MovieLemma.debug.xcconfig"; sourceTree = "<group>"; };
		841FE1B119EC3C9090F2F20B /* Pods_MovieLemmaTests.framework */ = {isa = PBXFileReference; explicitFileType = wrapper.framework; includeInIndex = 0; path = Pods_MovieLemmaTests.framework; sourceTree = BUILT_PRODUCTS_DIR; };
		C3EBE47FDE192122C6B5A1CD /* Pods-MovieLemmaTests.debug.xcconfig */ = {isa = PBXFileReference; includeInIndex = 1; lastKnownFileType = text.xcconfig; name = "Pods-MovieLemmaTests.debug.xcconfig"; path = "Target Support Files/Pods-MovieLemmaTests/Pods-MovieLemmaTests.debug.xcconfig"; sourceTree = "<group>"; };
		FB9192F8945D13721E6B3133 /* Pods_MovieLemma.framework */ = {isa = PBXFileReference; explicitFileType = wrapper.framework; includeInIndex = 0; path = Pods_MovieLemma.framework; sourceTree = BUILT_PRODUCTS_DIR; };
/* End PBXFileReference section */

/* Begin PBXFrameworksBuildPhase section */
		2827311C230F13CD00F04AE5 /* Frameworks */ = {
			isa = PBXFrameworksBuildPhase;
			buildActionMask = 2147483647;
			files = (
				29CD40F3869A8E4C95B6B6F0 /* Pods_MovieLemma.framework in Frameworks */,
			);
			runOnlyForDeploymentPostprocessing = 0;
		};
		28273130230F13CF00F04AE5 /* Frameworks */ = {
			isa = PBXFrameworksBuildPhase;
			buildActionMask = 2147483647;
			files = (
				340EA06BCB4DB4DD57ABBFFC /* Pods_MovieLemmaTests.framework in Frameworks */,
			);
			runOnlyForDeploymentPostprocessing = 0;
		};
		2827313B230F13CF00F04AE5 /* Frameworks */ = {
			isa = PBXFrameworksBuildPhase;
			buildActionMask = 2147483647;
			files = (
				FB78506E112E1D865BEFCE20 /* Pods_MovieLemmaUITests.framework in Frameworks */,
			);
			runOnlyForDeploymentPostprocessing = 0;
		};
/* End PBXFrameworksBuildPhase section */

/* Begin PBXGroup section */
		280D54E5230F4A34006E1E7D /* Classes */ = {
			isa = PBXGroup;
			children = (
				280D54E6230F4A72006E1E7D /* Movie.swift */,
				280D54E9230F5BAB006E1E7D /* Review.swift */,
			);
			path = Classes;
			sourceTree = "<group>";
		};
		280D54E8230F53D8006E1E7D /* Authentication */ = {
			isa = PBXGroup;
			children = (
				28273154230F15B400F04AE5 /* LoginViewController.swift */,
				28273152230F15A400F04AE5 /* SignUpViewController.swift */,
			);
			path = Authentication;
			sourceTree = "<group>";
		};
		28273116230F13CD00F04AE5 = {
			isa = PBXGroup;
			children = (
				28273121230F13CD00F04AE5 /* MovieLemma */,
				28273136230F13CF00F04AE5 /* MovieLemmaTests */,
				28273141230F13CF00F04AE5 /* MovieLemmaUITests */,
				28273120230F13CD00F04AE5 /* Products */,
				F88B0120FA9A7200E84AFF0D /* Pods */,
				C81C6272AC5FEC986B251C65 /* Frameworks */,
			);
			sourceTree = "<group>";
		};
		28273120230F13CD00F04AE5 /* Products */ = {
			isa = PBXGroup;
			children = (
				2827311F230F13CD00F04AE5 /* MovieLemma.app */,
				28273133230F13CF00F04AE5 /* MovieLemmaTests.xctest */,
				2827313E230F13CF00F04AE5 /* MovieLemmaUITests.xctest */,
			);
			name = Products;
			sourceTree = "<group>";
		};
		28273121230F13CD00F04AE5 /* MovieLemma */ = {
			isa = PBXGroup;
			children = (
				280D54E5230F4A34006E1E7D /* Classes */,
				28273156230F18D800F04AE5 /* GoogleService-Info.plist */,
				28273151230F158300F04AE5 /* Views */,
				28273150230F157600F04AE5 /* ViewControllers */,
				28273122230F13CD00F04AE5 /* AppDelegate.swift */,
				28273126230F13CD00F04AE5 /* Main.storyboard */,
				28273129230F13CF00F04AE5 /* Assets.xcassets */,
				2827312B230F13CF00F04AE5 /* LaunchScreen.storyboard */,
				2827312E230F13CF00F04AE5 /* Info.plist */,
			);
			path = MovieLemma;
			sourceTree = "<group>";
		};
		28273136230F13CF00F04AE5 /* MovieLemmaTests */ = {
			isa = PBXGroup;
			children = (
				28273137230F13CF00F04AE5 /* MovieLemmaTests.swift */,
				28273139230F13CF00F04AE5 /* Info.plist */,
			);
			path = MovieLemmaTests;
			sourceTree = "<group>";
		};
		28273141230F13CF00F04AE5 /* MovieLemmaUITests */ = {
			isa = PBXGroup;
			children = (
				28273142230F13CF00F04AE5 /* MovieLemmaUITests.swift */,
				28273144230F13CF00F04AE5 /* Info.plist */,
			);
			path = MovieLemmaUITests;
			sourceTree = "<group>";
		};
		28273150230F157600F04AE5 /* ViewControllers */ = {
			isa = PBXGroup;
			children = (
				280D54E8230F53D8006E1E7D /* Authentication */,
				2881B64F230F2B7800997290 /* InitialReviewViewController.swift */,
				2881B651230F2BD800997290 /* InitialReviewPageViewController.swift */,
				2881B653230F2D7500997290 /* InitialReviewDataViewController.swift */,
			);
			path = ViewControllers;
			sourceTree = "<group>";
		};
		28273151230F158300F04AE5 /* Views */ = {
			isa = PBXGroup;
			children = (
			);
			path = Views;
			sourceTree = "<group>";
		};
		C81C6272AC5FEC986B251C65 /* Frameworks */ = {
			isa = PBXGroup;
			children = (
				FB9192F8945D13721E6B3133 /* Pods_MovieLemma.framework */,
				841FE1B119EC3C9090F2F20B /* Pods_MovieLemmaTests.framework */,
				47FF7FC1C26A66ADC4A92388 /* Pods_MovieLemmaUITests.framework */,
			);
			name = Frameworks;
			sourceTree = "<group>";
		};
		F88B0120FA9A7200E84AFF0D /* Pods */ = {
			isa = PBXGroup;
			children = (
				7423A77851817FD14D06BFE8 /* Pods-MovieLemma.debug.xcconfig */,
				405845383309A525DF831D44 /* Pods-MovieLemma.release.xcconfig */,
				C3EBE47FDE192122C6B5A1CD /* Pods-MovieLemmaTests.debug.xcconfig */,
				65A0362AD5B5BE11E58FEB64 /* Pods-MovieLemmaTests.release.xcconfig */,
				453EF62DB1C3EFC4222CC2C0 /* Pods-MovieLemmaUITests.debug.xcconfig */,
				078DDA6A9E375A9FA7264866 /* Pods-MovieLemmaUITests.release.xcconfig */,
			);
			path = Pods;
			sourceTree = "<group>";
		};
/* End PBXGroup section */

/* Begin PBXNativeTarget section */
		2827311E230F13CD00F04AE5 /* MovieLemma */ = {
			isa = PBXNativeTarget;
			buildConfigurationList = 28273147230F13CF00F04AE5 /* Build configuration list for PBXNativeTarget "MovieLemma" */;
			buildPhases = (
				B1251CA7574B7A6E99954E2F /* [CP] Check Pods Manifest.lock */,
				2827311B230F13CD00F04AE5 /* Sources */,
				2827311C230F13CD00F04AE5 /* Frameworks */,
				2827311D230F13CD00F04AE5 /* Resources */,
				F0EEB05290C929F159934E96 /* [CP] Embed Pods Frameworks */,
			);
			buildRules = (
			);
			dependencies = (
			);
			name = MovieLemma;
			productName = MovieLemma;
			productReference = 2827311F230F13CD00F04AE5 /* MovieLemma.app */;
			productType = "com.apple.product-type.application";
		};
		28273132230F13CF00F04AE5 /* MovieLemmaTests */ = {
			isa = PBXNativeTarget;
			buildConfigurationList = 2827314A230F13CF00F04AE5 /* Build configuration list for PBXNativeTarget "MovieLemmaTests" */;
			buildPhases = (
				D78257DABABAFFBA28D9F58D /* [CP] Check Pods Manifest.lock */,
				2827312F230F13CF00F04AE5 /* Sources */,
				28273130230F13CF00F04AE5 /* Frameworks */,
				28273131230F13CF00F04AE5 /* Resources */,
			);
			buildRules = (
			);
			dependencies = (
				28273135230F13CF00F04AE5 /* PBXTargetDependency */,
			);
			name = MovieLemmaTests;
			productName = MovieLemmaTests;
			productReference = 28273133230F13CF00F04AE5 /* MovieLemmaTests.xctest */;
			productType = "com.apple.product-type.bundle.unit-test";
		};
		2827313D230F13CF00F04AE5 /* MovieLemmaUITests */ = {
			isa = PBXNativeTarget;
			buildConfigurationList = 2827314D230F13CF00F04AE5 /* Build configuration list for PBXNativeTarget "MovieLemmaUITests" */;
			buildPhases = (
				A6B3AC204096CC144B2FE540 /* [CP] Check Pods Manifest.lock */,
				2827313A230F13CF00F04AE5 /* Sources */,
				2827313B230F13CF00F04AE5 /* Frameworks */,
				2827313C230F13CF00F04AE5 /* Resources */,
			);
			buildRules = (
			);
			dependencies = (
				28273140230F13CF00F04AE5 /* PBXTargetDependency */,
			);
			name = MovieLemmaUITests;
			productName = MovieLemmaUITests;
			productReference = 2827313E230F13CF00F04AE5 /* MovieLemmaUITests.xctest */;
			productType = "com.apple.product-type.bundle.ui-testing";
		};
/* End PBXNativeTarget section */

/* Begin PBXProject section */
		28273117230F13CD00F04AE5 /* Project object */ = {
			isa = PBXProject;
			attributes = {
				KnownAssetTags = (
					1,
					2,
				);
				LastSwiftUpdateCheck = 1030;
				LastUpgradeCheck = 1030;
				ORGANIZATIONNAME = "Henry Vuong";
				TargetAttributes = {
					2827311E230F13CD00F04AE5 = {
						CreatedOnToolsVersion = 10.3;
					};
					28273132230F13CF00F04AE5 = {
						CreatedOnToolsVersion = 10.3;
						TestTargetID = 2827311E230F13CD00F04AE5;
					};
					2827313D230F13CF00F04AE5 = {
						CreatedOnToolsVersion = 10.3;
						TestTargetID = 2827311E230F13CD00F04AE5;
					};
				};
			};
			buildConfigurationList = 2827311A230F13CD00F04AE5 /* Build configuration list for PBXProject "MovieLemma" */;
			compatibilityVersion = "Xcode 9.3";
			developmentRegion = en;
			hasScannedForEncodings = 0;
			knownRegions = (
				en,
				Base,
			);
			mainGroup = 28273116230F13CD00F04AE5;
			productRefGroup = 28273120230F13CD00F04AE5 /* Products */;
			projectDirPath = "";
			projectRoot = "";
			targets = (
				2827311E230F13CD00F04AE5 /* MovieLemma */,
				28273132230F13CF00F04AE5 /* MovieLemmaTests */,
				2827313D230F13CF00F04AE5 /* MovieLemmaUITests */,
			);
		};
/* End PBXProject section */

/* Begin PBXResourcesBuildPhase section */
		2827311D230F13CD00F04AE5 /* Resources */ = {
			isa = PBXResourcesBuildPhase;
			buildActionMask = 2147483647;
			files = (
				2827312D230F13CF00F04AE5 /* LaunchScreen.storyboard in Resources */,
				28273157230F18D800F04AE5 /* GoogleService-Info.plist in Resources */,
				2827312A230F13CF00F04AE5 /* Assets.xcassets in Resources */,
				28273128230F13CD00F04AE5 /* Main.storyboard in Resources */,
			);
			runOnlyForDeploymentPostprocessing = 0;
		};
		28273131230F13CF00F04AE5 /* Resources */ = {
			isa = PBXResourcesBuildPhase;
			buildActionMask = 2147483647;
			files = (
			);
			runOnlyForDeploymentPostprocessing = 0;
		};
		2827313C230F13CF00F04AE5 /* Resources */ = {
			isa = PBXResourcesBuildPhase;
			buildActionMask = 2147483647;
			files = (
			);
			runOnlyForDeploymentPostprocessing = 0;
		};
/* End PBXResourcesBuildPhase section */

/* Begin PBXShellScriptBuildPhase section */
		A6B3AC204096CC144B2FE540 /* [CP] Check Pods Manifest.lock */ = {
			isa = PBXShellScriptBuildPhase;
			buildActionMask = 2147483647;
			files = (
			);
			inputFileListPaths = (
			);
			inputPaths = (
				"${PODS_PODFILE_DIR_PATH}/Podfile.lock",
				"${PODS_ROOT}/Manifest.lock",
			);
			name = "[CP] Check Pods Manifest.lock";
			outputFileListPaths = (
			);
			outputPaths = (
				"$(DERIVED_FILE_DIR)/Pods-MovieLemmaUITests-checkManifestLockResult.txt",
			);
			runOnlyForDeploymentPostprocessing = 0;
			shellPath = /bin/sh;
			shellScript = "diff \"${PODS_PODFILE_DIR_PATH}/Podfile.lock\" \"${PODS_ROOT}/Manifest.lock\" > /dev/null\nif [ $? != 0 ] ; then\n    # print error to STDERR\n    echo \"error: The sandbox is not in sync with the Podfile.lock. Run 'pod install' or update your CocoaPods installation.\" >&2\n    exit 1\nfi\n# This output is used by Xcode 'outputs' to avoid re-running this script phase.\necho \"SUCCESS\" > \"${SCRIPT_OUTPUT_FILE_0}\"\n";
			showEnvVarsInLog = 0;
		};
		B1251CA7574B7A6E99954E2F /* [CP] Check Pods Manifest.lock */ = {
			isa = PBXShellScriptBuildPhase;
			buildActionMask = 2147483647;
			files = (
			);
			inputFileListPaths = (
			);
			inputPaths = (
				"${PODS_PODFILE_DIR_PATH}/Podfile.lock",
				"${PODS_ROOT}/Manifest.lock",
			);
			name = "[CP] Check Pods Manifest.lock";
			outputFileListPaths = (
			);
			outputPaths = (
				"$(DERIVED_FILE_DIR)/Pods-MovieLemma-checkManifestLockResult.txt",
			);
			runOnlyForDeploymentPostprocessing = 0;
			shellPath = /bin/sh;
			shellScript = "diff \"${PODS_PODFILE_DIR_PATH}/Podfile.lock\" \"${PODS_ROOT}/Manifest.lock\" > /dev/null\nif [ $? != 0 ] ; then\n    # print error to STDERR\n    echo \"error: The sandbox is not in sync with the Podfile.lock. Run 'pod install' or update your CocoaPods installation.\" >&2\n    exit 1\nfi\n# This output is used by Xcode 'outputs' to avoid re-running this script phase.\necho \"SUCCESS\" > \"${SCRIPT_OUTPUT_FILE_0}\"\n";
			showEnvVarsInLog = 0;
		};
		D78257DABABAFFBA28D9F58D /* [CP] Check Pods Manifest.lock */ = {
			isa = PBXShellScriptBuildPhase;
			buildActionMask = 2147483647;
			files = (
			);
			inputFileListPaths = (
			);
			inputPaths = (
				"${PODS_PODFILE_DIR_PATH}/Podfile.lock",
				"${PODS_ROOT}/Manifest.lock",
			);
			name = "[CP] Check Pods Manifest.lock";
			outputFileListPaths = (
			);
			outputPaths = (
				"$(DERIVED_FILE_DIR)/Pods-MovieLemmaTests-checkManifestLockResult.txt",
			);
			runOnlyForDeploymentPostprocessing = 0;
			shellPath = /bin/sh;
			shellScript = "diff \"${PODS_PODFILE_DIR_PATH}/Podfile.lock\" \"${PODS_ROOT}/Manifest.lock\" > /dev/null\nif [ $? != 0 ] ; then\n    # print error to STDERR\n    echo \"error: The sandbox is not in sync with the Podfile.lock. Run 'pod install' or update your CocoaPods installation.\" >&2\n    exit 1\nfi\n# This output is used by Xcode 'outputs' to avoid re-running this script phase.\necho \"SUCCESS\" > \"${SCRIPT_OUTPUT_FILE_0}\"\n";
			showEnvVarsInLog = 0;
		};
		F0EEB05290C929F159934E96 /* [CP] Embed Pods Frameworks */ = {
			isa = PBXShellScriptBuildPhase;
			buildActionMask = 2147483647;
			files = (
			);
			inputFileListPaths = (
				"${PODS_ROOT}/Target Support Files/Pods-MovieLemma/Pods-MovieLemma-frameworks-${CONFIGURATION}-input-files.xcfilelist",
			);
			name = "[CP] Embed Pods Frameworks";
			outputFileListPaths = (
				"${PODS_ROOT}/Target Support Files/Pods-MovieLemma/Pods-MovieLemma-frameworks-${CONFIGURATION}-output-files.xcfilelist",
			);
			runOnlyForDeploymentPostprocessing = 0;
			shellPath = /bin/sh;
			shellScript = "\"${PODS_ROOT}/Target Support Files/Pods-MovieLemma/Pods-MovieLemma-frameworks.sh\"\n";
			showEnvVarsInLog = 0;
		};
/* End PBXShellScriptBuildPhase section */

/* Begin PBXSourcesBuildPhase section */
		2827311B230F13CD00F04AE5 /* Sources */ = {
			isa = PBXSourcesBuildPhase;
			buildActionMask = 2147483647;
			files = (
				280D54E7230F4A72006E1E7D /* Movie.swift in Sources */,
				280D54EA230F5BAB006E1E7D /* Review.swift in Sources */,
				28273155230F15B400F04AE5 /* LoginViewController.swift in Sources */,
				2881B650230F2B7800997290 /* InitialReviewViewController.swift in Sources */,
				28273153230F15A400F04AE5 /* SignUpViewController.swift in Sources */,
				2881B652230F2BD800997290 /* InitialReviewPageViewController.swift in Sources */,
				28273123230F13CD00F04AE5 /* AppDelegate.swift in Sources */,
				2881B654230F2D7500997290 /* InitialReviewDataViewController.swift in Sources */,
			);
			runOnlyForDeploymentPostprocessing = 0;
		};
		2827312F230F13CF00F04AE5 /* Sources */ = {
			isa = PBXSourcesBuildPhase;
			buildActionMask = 2147483647;
			files = (
				28273138230F13CF00F04AE5 /* MovieLemmaTests.swift in Sources */,
			);
			runOnlyForDeploymentPostprocessing = 0;
		};
		2827313A230F13CF00F04AE5 /* Sources */ = {
			isa = PBXSourcesBuildPhase;
			buildActionMask = 2147483647;
			files = (
				28273143230F13CF00F04AE5 /* MovieLemmaUITests.swift in Sources */,
			);
			runOnlyForDeploymentPostprocessing = 0;
		};
/* End PBXSourcesBuildPhase section */

/* Begin PBXTargetDependency section */
		28273135230F13CF00F04AE5 /* PBXTargetDependency */ = {
			isa = PBXTargetDependency;
			target = 2827311E230F13CD00F04AE5 /* MovieLemma */;
			targetProxy = 28273134230F13CF00F04AE5 /* PBXContainerItemProxy */;
		};
		28273140230F13CF00F04AE5 /* PBXTargetDependency */ = {
			isa = PBXTargetDependency;
			target = 2827311E230F13CD00F04AE5 /* MovieLemma */;
			targetProxy = 2827313F230F13CF00F04AE5 /* PBXContainerItemProxy */;
		};
/* End PBXTargetDependency section */

/* Begin PBXVariantGroup section */
		28273126230F13CD00F04AE5 /* Main.storyboard */ = {
			isa = PBXVariantGroup;
			children = (
				28273127230F13CD00F04AE5 /* Base */,
			);
			name = Main.storyboard;
			sourceTree = "<group>";
		};
		2827312B230F13CF00F04AE5 /* LaunchScreen.storyboard */ = {
			isa = PBXVariantGroup;
			children = (
				2827312C230F13CF00F04AE5 /* Base */,
			);
			name = LaunchScreen.storyboard;
			sourceTree = "<group>";
		};
/* End PBXVariantGroup section */

/* Begin XCBuildConfiguration section */
		28273145230F13CF00F04AE5 /* Debug */ = {
			isa = XCBuildConfiguration;
			buildSettings = {
				ALWAYS_SEARCH_USER_PATHS = NO;
				CLANG_ANALYZER_NONNULL = YES;
				CLANG_ANALYZER_NUMBER_OBJECT_CONVERSION = YES_AGGRESSIVE;
				CLANG_CXX_LANGUAGE_STANDARD = "gnu++14";
				CLANG_CXX_LIBRARY = "libc++";
				CLANG_ENABLE_MODULES = YES;
				CLANG_ENABLE_OBJC_ARC = YES;
				CLANG_ENABLE_OBJC_WEAK = YES;
				CLANG_WARN_BLOCK_CAPTURE_AUTORELEASING = YES;
				CLANG_WARN_BOOL_CONVERSION = YES;
				CLANG_WARN_COMMA = YES;
				CLANG_WARN_CONSTANT_CONVERSION = YES;
				CLANG_WARN_DEPRECATED_OBJC_IMPLEMENTATIONS = YES;
				CLANG_WARN_DIRECT_OBJC_ISA_USAGE = YES_ERROR;
				CLANG_WARN_DOCUMENTATION_COMMENTS = YES;
				CLANG_WARN_EMPTY_BODY = YES;
				CLANG_WARN_ENUM_CONVERSION = YES;
				CLANG_WARN_INFINITE_RECURSION = YES;
				CLANG_WARN_INT_CONVERSION = YES;
				CLANG_WARN_NON_LITERAL_NULL_CONVERSION = YES;
				CLANG_WARN_OBJC_IMPLICIT_RETAIN_SELF = YES;
				CLANG_WARN_OBJC_LITERAL_CONVERSION = YES;
				CLANG_WARN_OBJC_ROOT_CLASS = YES_ERROR;
				CLANG_WARN_RANGE_LOOP_ANALYSIS = YES;
				CLANG_WARN_STRICT_PROTOTYPES = YES;
				CLANG_WARN_SUSPICIOUS_MOVE = YES;
				CLANG_WARN_UNGUARDED_AVAILABILITY = YES_AGGRESSIVE;
				CLANG_WARN_UNREACHABLE_CODE = YES;
				CLANG_WARN__DUPLICATE_METHOD_MATCH = YES;
				CODE_SIGN_IDENTITY = "iPhone Developer";
				COPY_PHASE_STRIP = NO;
				DEBUG_INFORMATION_FORMAT = dwarf;
				ENABLE_STRICT_OBJC_MSGSEND = YES;
				ENABLE_TESTABILITY = YES;
				GCC_C_LANGUAGE_STANDARD = gnu11;
				GCC_DYNAMIC_NO_PIC = NO;
				GCC_NO_COMMON_BLOCKS = YES;
				GCC_OPTIMIZATION_LEVEL = 0;
				GCC_PREPROCESSOR_DEFINITIONS = (
					"DEBUG=1",
					"$(inherited)",
				);
				GCC_WARN_64_TO_32_BIT_CONVERSION = YES;
				GCC_WARN_ABOUT_RETURN_TYPE = YES_ERROR;
				GCC_WARN_UNDECLARED_SELECTOR = YES;
				GCC_WARN_UNINITIALIZED_AUTOS = YES_AGGRESSIVE;
				GCC_WARN_UNUSED_FUNCTION = YES;
				GCC_WARN_UNUSED_VARIABLE = YES;
				IPHONEOS_DEPLOYMENT_TARGET = 12.4;
				MTL_ENABLE_DEBUG_INFO = INCLUDE_SOURCE;
				MTL_FAST_MATH = YES;
				ONLY_ACTIVE_ARCH = YES;
				SDKROOT = iphoneos;
				SWIFT_ACTIVE_COMPILATION_CONDITIONS = DEBUG;
				SWIFT_OPTIMIZATION_LEVEL = "-Onone";
			};
			name = Debug;
		};
		28273146230F13CF00F04AE5 /* Release */ = {
			isa = XCBuildConfiguration;
			buildSettings = {
				ALWAYS_SEARCH_USER_PATHS = NO;
				CLANG_ANALYZER_NONNULL = YES;
				CLANG_ANALYZER_NUMBER_OBJECT_CONVERSION = YES_AGGRESSIVE;
				CLANG_CXX_LANGUAGE_STANDARD = "gnu++14";
				CLANG_CXX_LIBRARY = "libc++";
				CLANG_ENABLE_MODULES = YES;
				CLANG_ENABLE_OBJC_ARC = YES;
				CLANG_ENABLE_OBJC_WEAK = YES;
				CLANG_WARN_BLOCK_CAPTURE_AUTORELEASING = YES;
				CLANG_WARN_BOOL_CONVERSION = YES;
				CLANG_WARN_COMMA = YES;
				CLANG_WARN_CONSTANT_CONVERSION = YES;
				CLANG_WARN_DEPRECATED_OBJC_IMPLEMENTATIONS = YES;
				CLANG_WARN_DIRECT_OBJC_ISA_USAGE = YES_ERROR;
				CLANG_WARN_DOCUMENTATION_COMMENTS = YES;
				CLANG_WARN_EMPTY_BODY = YES;
				CLANG_WARN_ENUM_CONVERSION = YES;
				CLANG_WARN_INFINITE_RECURSION = YES;
				CLANG_WARN_INT_CONVERSION = YES;
				CLANG_WARN_NON_LITERAL_NULL_CONVERSION = YES;
				CLANG_WARN_OBJC_IMPLICIT_RETAIN_SELF = YES;
				CLANG_WARN_OBJC_LITERAL_CONVERSION = YES;
				CLANG_WARN_OBJC_ROOT_CLASS = YES_ERROR;
				CLANG_WARN_RANGE_LOOP_ANALYSIS = YES;
				CLANG_WARN_STRICT_PROTOTYPES = YES;
				CLANG_WARN_SUSPICIOUS_MOVE = YES;
				CLANG_WARN_UNGUARDED_AVAILABILITY = YES_AGGRESSIVE;
				CLANG_WARN_UNREACHABLE_CODE = YES;
				CLANG_WARN__DUPLICATE_METHOD_MATCH = YES;
				CODE_SIGN_IDENTITY = "iPhone Developer";
				COPY_PHASE_STRIP = NO;
				DEBUG_INFORMATION_FORMAT = "dwarf-with-dsym";
				ENABLE_NS_ASSERTIONS = NO;
				ENABLE_STRICT_OBJC_MSGSEND = YES;
				GCC_C_LANGUAGE_STANDARD = gnu11;
				GCC_NO_COMMON_BLOCKS = YES;
				GCC_WARN_64_TO_32_BIT_CONVERSION = YES;
				GCC_WARN_ABOUT_RETURN_TYPE = YES_ERROR;
				GCC_WARN_UNDECLARED_SELECTOR = YES;
				GCC_WARN_UNINITIALIZED_AUTOS = YES_AGGRESSIVE;
				GCC_WARN_UNUSED_FUNCTION = YES;
				GCC_WARN_UNUSED_VARIABLE = YES;
				IPHONEOS_DEPLOYMENT_TARGET = 12.4;
				MTL_ENABLE_DEBUG_INFO = NO;
				MTL_FAST_MATH = YES;
				SDKROOT = iphoneos;
				SWIFT_COMPILATION_MODE = wholemodule;
				SWIFT_OPTIMIZATION_LEVEL = "-O";
				VALIDATE_PRODUCT = YES;
			};
			name = Release;
		};
		28273148230F13CF00F04AE5 /* Debug */ = {
			isa = XCBuildConfiguration;
			baseConfigurationReference = 7423A77851817FD14D06BFE8 /* Pods-MovieLemma.debug.xcconfig */;
			buildSettings = {
				ASSETCATALOG_COMPILER_APPICON_NAME = AppIcon;
				CODE_SIGN_STYLE = Automatic;
				DEVELOPMENT_TEAM = V786S5U359;
				INFOPLIST_FILE = MovieLemma/Info.plist;
				LD_RUNPATH_SEARCH_PATHS = (
					"$(inherited)",
					"@executable_path/Frameworks",
				);
				PRODUCT_BUNDLE_IDENTIFIER = MovieLemma.MovieLemma;
				PRODUCT_NAME = "$(TARGET_NAME)";
				SWIFT_VERSION = 5.0;
				TARGETED_DEVICE_FAMILY = "1,2";
			};
			name = Debug;
		};
		28273149230F13CF00F04AE5 /* Release */ = {
			isa = XCBuildConfiguration;
			baseConfigurationReference = 405845383309A525DF831D44 /* Pods-MovieLemma.release.xcconfig */;
			buildSettings = {
				ASSETCATALOG_COMPILER_APPICON_NAME = AppIcon;
				CODE_SIGN_STYLE = Automatic;
				DEVELOPMENT_TEAM = V786S5U359;
				INFOPLIST_FILE = MovieLemma/Info.plist;
				LD_RUNPATH_SEARCH_PATHS = (
					"$(inherited)",
					"@executable_path/Frameworks",
				);
				PRODUCT_BUNDLE_IDENTIFIER = MovieLemma.MovieLemma;
				PRODUCT_NAME = "$(TARGET_NAME)";
				SWIFT_VERSION = 5.0;
				TARGETED_DEVICE_FAMILY = "1,2";
			};
			name = Release;
		};
		2827314B230F13CF00F04AE5 /* Debug */ = {
			isa = XCBuildConfiguration;
			baseConfigurationReference = C3EBE47FDE192122C6B5A1CD /* Pods-MovieLemmaTests.debug.xcconfig */;
			buildSettings = {
				ALWAYS_EMBED_SWIFT_STANDARD_LIBRARIES = YES;
				BUNDLE_LOADER = "$(TEST_HOST)";
				CODE_SIGN_STYLE = Automatic;
				DEVELOPMENT_TEAM = V786S5U359;
				INFOPLIST_FILE = MovieLemmaTests/Info.plist;
				LD_RUNPATH_SEARCH_PATHS = (
					"$(inherited)",
					"@executable_path/Frameworks",
					"@loader_path/Frameworks",
				);
				PRODUCT_BUNDLE_IDENTIFIER = MovieLemma.MovieLemmaTests;
				PRODUCT_NAME = "$(TARGET_NAME)";
				SWIFT_VERSION = 5.0;
				TARGETED_DEVICE_FAMILY = "1,2";
				TEST_HOST = "$(BUILT_PRODUCTS_DIR)/MovieLemma.app/MovieLemma";
			};
			name = Debug;
		};
		2827314C230F13CF00F04AE5 /* Release */ = {
			isa = XCBuildConfiguration;
			baseConfigurationReference = 65A0362AD5B5BE11E58FEB64 /* Pods-MovieLemmaTests.release.xcconfig */;
			buildSettings = {
				ALWAYS_EMBED_SWIFT_STANDARD_LIBRARIES = YES;
				BUNDLE_LOADER = "$(TEST_HOST)";
				CODE_SIGN_STYLE = Automatic;
				DEVELOPMENT_TEAM = V786S5U359;
				INFOPLIST_FILE = MovieLemmaTests/Info.plist;
				LD_RUNPATH_SEARCH_PATHS = (
					"$(inherited)",
					"@executable_path/Frameworks",
					"@loader_path/Frameworks",
				);
				PRODUCT_BUNDLE_IDENTIFIER = MovieLemma.MovieLemmaTests;
				PRODUCT_NAME = "$(TARGET_NAME)";
				SWIFT_VERSION = 5.0;
				TARGETED_DEVICE_FAMILY = "1,2";
				TEST_HOST = "$(BUILT_PRODUCTS_DIR)/MovieLemma.app/MovieLemma";
			};
			name = Release;
		};
		2827314E230F13CF00F04AE5 /* Debug */ = {
			isa = XCBuildConfiguration;
			baseConfigurationReference = 453EF62DB1C3EFC4222CC2C0 /* Pods-MovieLemmaUITests.debug.xcconfig */;
			buildSettings = {
				ALWAYS_EMBED_SWIFT_STANDARD_LIBRARIES = YES;
				CODE_SIGN_STYLE = Automatic;
				DEVELOPMENT_TEAM = V786S5U359;
				INFOPLIST_FILE = MovieLemmaUITests/Info.plist;
				LD_RUNPATH_SEARCH_PATHS = (
					"$(inherited)",
					"@executable_path/Frameworks",
					"@loader_path/Frameworks",
				);
				PRODUCT_BUNDLE_IDENTIFIER = MovieLemma.MovieLemmaUITests;
				PRODUCT_NAME = "$(TARGET_NAME)";
				SWIFT_VERSION = 5.0;
				TARGETED_DEVICE_FAMILY = "1,2";
				TEST_TARGET_NAME = MovieLemma;
			};
			name = Debug;
		};
		2827314F230F13CF00F04AE5 /* Release */ = {
			isa = XCBuildConfiguration;
			baseConfigurationReference = 078DDA6A9E375A9FA7264866 /* Pods-MovieLemmaUITests.release.xcconfig */;
			buildSettings = {
				ALWAYS_EMBED_SWIFT_STANDARD_LIBRARIES = YES;
				CODE_SIGN_STYLE = Automatic;
				DEVELOPMENT_TEAM = V786S5U359;
				INFOPLIST_FILE = MovieLemmaUITests/Info.plist;
				LD_RUNPATH_SEARCH_PATHS = (
					"$(inherited)",
					"@executable_path/Frameworks",
					"@loader_path/Frameworks",
				);
				PRODUCT_BUNDLE_IDENTIFIER = MovieLemma.MovieLemmaUITests;
				PRODUCT_NAME = "$(TARGET_NAME)";
				SWIFT_VERSION = 5.0;
				TARGETED_DEVICE_FAMILY = "1,2";
				TEST_TARGET_NAME = MovieLemma;
			};
			name = Release;
		};
/* End XCBuildConfiguration section */

/* Begin XCConfigurationList section */
		2827311A230F13CD00F04AE5 /* Build configuration list for PBXProject "MovieLemma" */ = {
			isa = XCConfigurationList;
			buildConfigurations = (
				28273145230F13CF00F04AE5 /* Debug */,
				28273146230F13CF00F04AE5 /* Release */,
			);
			defaultConfigurationIsVisible = 0;
			defaultConfigurationName = Release;
		};
		28273147230F13CF00F04AE5 /* Build configuration list for PBXNativeTarget "MovieLemma" */ = {
			isa = XCConfigurationList;
			buildConfigurations = (
				28273148230F13CF00F04AE5 /* Debug */,
				28273149230F13CF00F04AE5 /* Release */,
			);
			defaultConfigurationIsVisible = 0;
			defaultConfigurationName = Release;
		};
		2827314A230F13CF00F04AE5 /* Build configuration list for PBXNativeTarget "MovieLemmaTests" */ = {
			isa = XCConfigurationList;
			buildConfigurations = (
				2827314B230F13CF00F04AE5 /* Debug */,
				2827314C230F13CF00F04AE5 /* Release */,
			);
			defaultConfigurationIsVisible = 0;
			defaultConfigurationName = Release;
		};
		2827314D230F13CF00F04AE5 /* Build configuration list for PBXNativeTarget "MovieLemmaUITests" */ = {
			isa = XCConfigurationList;
			buildConfigurations = (
				2827314E230F13CF00F04AE5 /* Debug */,
				2827314F230F13CF00F04AE5 /* Release */,
			);
			defaultConfigurationIsVisible = 0;
			defaultConfigurationName = Release;
		};
/* End XCConfigurationList section */
	};
	rootObject = 28273117230F13CD00F04AE5 /* Project object */;
}
